
Microsoft Visual Studio Solution File, Format Version 12.00
# Visual Studio 15
VisualStudioVersion = 15.0.28307.489
MinimumVisualStudioVersion = 10.0.40219.1
Project("{2150E333-8FDC-42A3-9474-1A3956D46DE8}") = "1 - Presentation", "1 - Presentation", "{646D5DCF-96B5-4CA4-BD0A-EBA81A9837C3}"
EndProject
Project("{2150E333-8FDC-42A3-9474-1A3956D46DE8}") = "3 - Services", "3 - Services", "{FEDCE34D-4298-4EA5-ABE8-342407CD051E}"
EndProject
Project("{2150E333-8FDC-42A3-9474-1A3956D46DE8}") = "4 - Domain", "4 - Domain", "{790C2136-021E-4E20-8A3D-893AFD91E6A0}"
EndProject
Project("{2150E333-8FDC-42A3-9474-1A3956D46DE8}") = "5 - Infrastructure", "5 - Infrastructure", "{0A559A67-7DFB-44D9-80D1-6E10E0EABEFA}"
EndProject
Project("{2150E333-8FDC-42A3-9474-1A3956D46DE8}") = "5.1 - Data", "5.1 - Data", "{F8AC05D6-666F-423F-9336-D10FED7BE8DB}"
EndProject
Project("{2150E333-8FDC-42A3-9474-1A3956D46DE8}") = "5.2- CrossCutting", "5.2- CrossCutting", "{06521FC1-EAD1-47A2-8DC8-85F9A0C3AC90}"
EndProject
Project("{9A19103F-16F7-4668-BE54-9A1E7A4F7556}") = "Eventos.IO.Domain", "src\Eventos.IO.Domain\Eventos.IO.Domain.csproj", "{E5697A24-1ACA-47EB-91BC-083C24D62E08}"
EndProject
Project("{9A19103F-16F7-4668-BE54-9A1E7A4F7556}") = "Eventos.IO.Domain.Core", "src\Eventos.IO.Domain.Core\Eventos.IO.Domain.Core.csproj", "{D3C70076-3CFE-4FCA-98E8-8396056D92E4}"
EndProject
Project("{9A19103F-16F7-4668-BE54-9A1E7A4F7556}") = "Eventos.IO.ConsoleTest", "src\EventosConsoleTest\Eventos.IO.ConsoleTest.csproj", "{363E8039-3C7F-41AE-9E1A-E8586343AA12}"
EndProject
Project("{9A19103F-16F7-4668-BE54-9A1E7A4F7556}") = "Eventos.IO.Infrastructure.Data", "src\Eventos.IO.Infrastructure.Data\Eventos.IO.Infrastructure.Data.csproj", "{B1B4F894-0C28-4C43-A2DE-0C1D1D53FE4B}"
EndProject
Project("{9A19103F-16F7-4668-BE54-9A1E7A4F7556}") = "Eventos.IO.Site", "src\Eventos.IO.Site\Eventos.IO.Site.csproj", "{D67B3DEE-120E-448B-B321-6292CF9DDA0C}"
EndProject
Project("{2150E333-8FDC-42A3-9474-1A3956D46DE8}") = "2 - Application", "2 - Application", "{F7DD843E-B8B8-4FB6-83C1-D256CDFD643D}"
EndProject
Project("{9A19103F-16F7-4668-BE54-9A1E7A4F7556}") = "Eventos.IO.Application", "src\Eventos.IO.Application\Eventos.IO.Application.csproj", "{9AD4014C-7FA0-4428-96A1-1B13AF49D661}"
EndProject
Project("{9A19103F-16F7-4668-BE54-9A1E7A4F7556}") = "Eventos.IO.Infrastructure.CrossCutting.IoC", "src\Eventos.IO.Infrastructure.CrossCutting.IoC\Eventos.IO.Infrastructure.CrossCutting.IoC.csproj", "{83498B50-31F9-4F89-A1B1-BBA4F7C9BF4C}"
EndProject
Project("{FAE04EC0-301F-11D3-BF4B-00C04F79EFBC}") = "Eventos.IO.Infrastructure.CrossCutting.Bus", "src\Eventos.IO.Infrastructure.CrossCutting.Bus\Eventos.IO.Infrastructure.CrossCutting.Bus.csproj", "{08526165-5A37-4A70-8351-50D7ADACBDA2}"
EndProject
Global
	GlobalSection(SolutionConfigurationPlatforms) = preSolution
		Debug|Any CPU = Debug|Any CPU
		Release|Any CPU = Release|Any CPU
	EndGlobalSection
	GlobalSection(ProjectConfigurationPlatforms) = postSolution
		{E5697A24-1ACA-47EB-91BC-083C24D62E08}.Debug|Any CPU.ActiveCfg = Debug|Any CPU
		{E5697A24-1ACA-47EB-91BC-083C24D62E08}.Debug|Any CPU.Build.0 = Debug|Any CPU
		{E5697A24-1ACA-47EB-91BC-083C24D62E08}.Release|Any CPU.ActiveCfg = Release|Any CPU
		{E5697A24-1ACA-47EB-91BC-083C24D62E08}.Release|Any CPU.Build.0 = Release|Any CPU
		{D3C70076-3CFE-4FCA-98E8-8396056D92E4}.Debug|Any CPU.ActiveCfg = Debug|Any CPU
		{D3C70076-3CFE-4FCA-98E8-8396056D92E4}.Debug|Any CPU.Build.0 = Debug|Any CPU
		{D3C70076-3CFE-4FCA-98E8-8396056D92E4}.Release|Any CPU.ActiveCfg = Release|Any CPU
		{D3C70076-3CFE-4FCA-98E8-8396056D92E4}.Release|Any CPU.Build.0 = Release|Any CPU
		{363E8039-3C7F-41AE-9E1A-E8586343AA12}.Debug|Any CPU.ActiveCfg = Debug|Any CPU
		{363E8039-3C7F-41AE-9E1A-E8586343AA12}.Debug|Any CPU.Build.0 = Debug|Any CPU
		{363E8039-3C7F-41AE-9E1A-E8586343AA12}.Release|Any CPU.ActiveCfg = Release|Any CPU
		{363E8039-3C7F-41AE-9E1A-E8586343AA12}.Release|Any CPU.Build.0 = Release|Any CPU
		{B1B4F894-0C28-4C43-A2DE-0C1D1D53FE4B}.Debug|Any CPU.ActiveCfg = Debug|Any CPU
		{B1B4F894-0C28-4C43-A2DE-0C1D1D53FE4B}.Debug|Any CPU.Build.0 = Debug|Any CPU
		{B1B4F894-0C28-4C43-A2DE-0C1D1D53FE4B}.Release|Any CPU.ActiveCfg = Release|Any CPU
		{B1B4F894-0C28-4C43-A2DE-0C1D1D53FE4B}.Release|Any CPU.Build.0 = Release|Any CPU
		{D67B3DEE-120E-448B-B321-6292CF9DDA0C}.Debug|Any CPU.ActiveCfg = Debug|Any CPU
		{D67B3DEE-120E-448B-B321-6292CF9DDA0C}.Debug|Any CPU.Build.0 = Debug|Any CPU
		{D67B3DEE-120E-448B-B321-6292CF9DDA0C}.Release|Any CPU.ActiveCfg = Release|Any CPU
		{D67B3DEE-120E-448B-B321-6292CF9DDA0C}.Release|Any CPU.Build.0 = Release|Any CPU
		{9AD4014C-7FA0-4428-96A1-1B13AF49D661}.Debug|Any CPU.ActiveCfg = Debug|Any CPU
		{9AD4014C-7FA0-4428-96A1-1B13AF49D661}.Debug|Any CPU.Build.0 = Debug|Any CPU
		{9AD4014C-7FA0-4428-96A1-1B13AF49D661}.Release|Any CPU.ActiveCfg = Release|Any CPU
		{9AD4014C-7FA0-4428-96A1-1B13AF49D661}.Release|Any CPU.Build.0 = Release|Any CPU
		{83498B50-31F9-4F89-A1B1-BBA4F7C9BF4C}.Debug|Any CPU.ActiveCfg = Debug|Any CPU
		{83498B50-31F9-4F89-A1B1-BBA4F7C9BF4C}.Debug|Any CPU.Build.0 = Debug|Any CPU
		{83498B50-31F9-4F89-A1B1-BBA4F7C9BF4C}.Release|Any CPU.ActiveCfg = Release|Any CPU
		{83498B50-31F9-4F89-A1B1-BBA4F7C9BF4C}.Release|Any CPU.Build.0 = Release|Any CPU
		{08526165-5A37-4A70-8351-50D7ADACBDA2}.Debug|Any CPU.ActiveCfg = Debug|Any CPU
		{08526165-5A37-4A70-8351-50D7ADACBDA2}.Debug|Any CPU.Build.0 = Debug|Any CPU
		{08526165-5A37-4A70-8351-50D7ADACBDA2}.Release|Any CPU.ActiveCfg = Release|Any CPU
		{08526165-5A37-4A70-8351-50D7ADACBDA2}.Release|Any CPU.Build.0 = Release|Any CPU
	EndGlobalSection
	GlobalSection(SolutionProperties) = preSolution
		HideSolutionNode = FALSE
	EndGlobalSection
	GlobalSection(NestedProjects) = preSolution
		{F8AC05D6-666F-423F-9336-D10FED7BE8DB} = {0A559A67-7DFB-44D9-80D1-6E10E0EABEFA}
		{06521FC1-EAD1-47A2-8DC8-85F9A0C3AC90} = {0A559A67-7DFB-44D9-80D1-6E10E0EABEFA}
		{E5697A24-1ACA-47EB-91BC-083C24D62E08} = {790C2136-021E-4E20-8A3D-893AFD91E6A0}
		{D3C70076-3CFE-4FCA-98E8-8396056D92E4} = {790C2136-021E-4E20-8A3D-893AFD91E6A0}
		{363E8039-3C7F-41AE-9E1A-E8586343AA12} = {790C2136-021E-4E20-8A3D-893AFD91E6A0}
		{B1B4F894-0C28-4C43-A2DE-0C1D1D53FE4B} = {F8AC05D6-666F-423F-9336-D10FED7BE8DB}
		{D67B3DEE-120E-448B-B321-6292CF9DDA0C} = {646D5DCF-96B5-4CA4-BD0A-EBA81A9837C3}
		{9AD4014C-7FA0-4428-96A1-1B13AF49D661} = {F7DD843E-B8B8-4FB6-83C1-D256CDFD643D}
		{83498B50-31F9-4F89-A1B1-BBA4F7C9BF4C} = {06521FC1-EAD1-47A2-8DC8-85F9A0C3AC90}
		{08526165-5A37-4A70-8351-50D7ADACBDA2} = {06521FC1-EAD1-47A2-8DC8-85F9A0C3AC90}
	EndGlobalSection
	GlobalSection(ExtensibilityGlobals) = postSolution
		SolutionGuid = {EE8F8A8F-A329-42B5-8DF5-A76E6D7A1EFF}
	EndGlobalSection
EndGlobal
